{
  "pins" : [
    {
      "identity" : "swift-css",
      "kind" : "remoteSourceControl",
      "location" : "https://github.com/BinaryBirds/swift-css",
      "state" : {
        "revision" : "c5a1741c83ca7eb6dcd0aec0eeefb7a0ca5d8d43",
        "version" : "1.0.1"
      }
    },
    {
      "identity" : "swift-html",
      "kind" : "remoteSourceControl",
      "location" : "https://github.com/romanmazeev/swift-html",
      "state" : {
        "branch" : "mastodon-verification",
        "revision" : "16d672a6c6a5aaaf4fe3229bfba66fdfe5680329"
      }
    }
  ],
  "version" : 2
}
